
Microsoft Visual Studio Solution File, Format Version 12.00
# Visual Studio Version 16
VisualStudioVersion = 16.0.31402.337
MinimumVisualStudioVersion = 10.0.40219.1
Project("{FAE04EC0-301F-11D3-BF4B-00C04F79EFBC}") = "Agenda", "Agenda\Agenda.csproj", "{92CE7D5E-CABA-497B-9BA4-20F44B2930BB}"
EndProject
Global
	GlobalSection(SolutionConfigurationPlatforms) = preSolution
		Debug|Any CPU = Debug|Any CPU
		Release|Any CPU = Release|Any CPU
	EndGlobalSection
	GlobalSection(ProjectConfigurationPlatforms) = postSolution
		{92CE7D5E-CABA-497B-9BA4-20F44B2930BB}.Debug|Any CPU.ActiveCfg = Debug|Any CPU
		{92CE7D5E-CABA-497B-9BA4-20F44B2930BB}.Debug|Any CPU.Build.0 = Debug|Any CPU
		{92CE7D5E-CABA-497B-9BA4-20F44B2930BB}.Release|Any CPU.ActiveCfg = Release|Any CPU
		{92CE7D5E-CABA-497B-9BA4-20F44B2930BB}.Release|Any CPU.Build.0 = Release|Any CPU
	EndGlobalSection
	GlobalSection(SolutionProperties) = preSolution
		HideSolutionNode = FALSE
	EndGlobalSection
	GlobalSection(ExtensibilityGlobals) = postSolution
		SolutionGuid = {5EC314AD-2254-4114-8763-2C27967DE331}
	EndGlobalSection
EndGlobal
